
Microsoft Visual Studio Solution File, Format Version 12.00
# Visual Studio Version 17
VisualStudioVersion = 17.7.34202.233
MinimumVisualStudioVersion = 10.0.40219.1
Project("{8BC9CEB8-8B4A-11D0-8D11-00A0C91BC942}") = "SFML T", "SFML T\SFML T.vcxproj", "{AC43E1C7-0AEC-4387-A650-81F2E7F437F5}"
EndProject
Global
	GlobalSection(SolutionConfigurationPlatforms) = preSolution
		Debug|Win32 = Debug|Win32
		Debug|x64 = Debug|x64
		Debug|x86 = Debug|x86
		Release|Win32 = Release|Win32
		Release|x64 = Release|x64
		Release|x86 = Release|x86
	EndGlobalSection
	GlobalSection(ProjectConfigurationPlatforms) = postSolution
		{AC43E1C7-0AEC-4387-A650-81F2E7F437F5}.Debug|Win32.ActiveCfg = Debug|Win32
		{AC43E1C7-0AEC-4387-A650-81F2E7F437F5}.Debug|Win32.Build.0 = Debug|Win32
		{AC43E1C7-0AEC-4387-A650-81F2E7F437F5}.Debug|x64.ActiveCfg = Debug|x64
		{AC43E1C7-0AEC-4387-A650-81F2E7F437F5}.Debug|x64.Build.0 = Debug|x64
		{AC43E1C7-0AEC-4387-A650-81F2E7F437F5}.Debug|x86.ActiveCfg = Debug|Win32
		{AC43E1C7-0AEC-4387-A650-81F2E7F437F5}.Debug|x86.Build.0 = Debug|Win32
		{AC43E1C7-0AEC-4387-A650-81F2E7F437F5}.Release|Win32.ActiveCfg = Release|x64
		{AC43E1C7-0AEC-4387-A650-81F2E7F437F5}.Release|Win32.Build.0 = Release|x64
		{AC43E1C7-0AEC-4387-A650-81F2E7F437F5}.Release|x64.ActiveCfg = Release|x64
		{AC43E1C7-0AEC-4387-A650-81F2E7F437F5}.Release|x64.Build.0 = Release|x64
		{AC43E1C7-0AEC-4387-A650-81F2E7F437F5}.Release|x86.ActiveCfg = Release|x64
		{AC43E1C7-0AEC-4387-A650-81F2E7F437F5}.Release|x86.Build.0 = Release|x64
	EndGlobalSection
	GlobalSection(SolutionProperties) = preSolution
		HideSolutionNode = FALSE
	EndGlobalSection
	GlobalSection(ExtensibilityGlobals) = postSolution
		SolutionGuid = {FA0375CB-F647-4CFB-ACAB-665B1BF9E86E}
	EndGlobalSection
EndGlobal
